
Microsoft Visual Studio Solution File, Format Version 12.00
# Visual Studio Version 17
VisualStudioVersion = 17.3.32825.248
MinimumVisualStudioVersion = 10.0.40219.1
Project("{9A19103F-16F7-4668-BE54-9A1E7A4F7556}") = "Stash", "Jellyfin.Plugin.Stash\Stash.csproj", "{C122CE8A-F86F-4B32-A72D-25A1FD34F08A}"
EndProject
Global
	GlobalSection(SolutionConfigurationPlatforms) = preSolution
		Debug.Emby|Any CPU = Debug.Emby|Any CPU
		Debug|Any CPU = Debug|Any CPU
		Release.Emby|Any CPU = Release.Emby|Any CPU
		Release|Any CPU = Release|Any CPU
	EndGlobalSection
	GlobalSection(ProjectConfigurationPlatforms) = postSolution
		{C122CE8A-F86F-4B32-A72D-25A1FD34F08A}.Debug.Emby|Any CPU.ActiveCfg = Debug.Emby|Any CPU
		{C122CE8A-F86F-4B32-A72D-25A1FD34F08A}.Debug.Emby|Any CPU.Build.0 = Debug.Emby|Any CPU
		{C122CE8A-F86F-4B32-A72D-25A1FD34F08A}.Debug|Any CPU.ActiveCfg = Debug|Any CPU
		{C122CE8A-F86F-4B32-A72D-25A1FD34F08A}.Debug|Any CPU.Build.0 = Debug|Any CPU
		{C122CE8A-F86F-4B32-A72D-25A1FD34F08A}.Release.Emby|Any CPU.ActiveCfg = Release.Emby|Any CPU
		{C122CE8A-F86F-4B32-A72D-25A1FD34F08A}.Release.Emby|Any CPU.Build.0 = Release.Emby|Any CPU
		{C122CE8A-F86F-4B32-A72D-25A1FD34F08A}.Release|Any CPU.ActiveCfg = Release|Any CPU
		{C122CE8A-F86F-4B32-A72D-25A1FD34F08A}.Release|Any CPU.Build.0 = Release|Any CPU
	EndGlobalSection
	GlobalSection(SolutionProperties) = preSolution
		HideSolutionNode = FALSE
	EndGlobalSection
	GlobalSection(ExtensibilityGlobals) = postSolution
		SolutionGuid = {30353A18-7840-4D5B-A39D-0F165E64ABD6}
	EndGlobalSection
EndGlobal
